
Microsoft Visual Studio Solution File, Format Version 12.00
# Visual Studio Version 17
VisualStudioVersion = 17.4.33122.133
MinimumVisualStudioVersion = 10.0.40219.1
Project("{9A19103F-16F7-4668-BE54-9A1E7A4F7556}") = "CompanyEmployees", "CompanyEmployees\CompanyEmployees.csproj", "{FA6E65A4-1AD6-41FA-AB72-80409B09E0AA}"
EndProject
Project("{9A19103F-16F7-4668-BE54-9A1E7A4F7556}") = "Contracts", "Contracts\Contracts.csproj", "{4B5B5E05-9280-4E30-800D-1BAFC9003336}"
EndProject
Project("{9A19103F-16F7-4668-BE54-9A1E7A4F7556}") = "LoggerService", "LoggerService\LoggerService.csproj", "{D5092E22-EA43-4C1A-A0F6-114013376150}"
EndProject
Project("{9A19103F-16F7-4668-BE54-9A1E7A4F7556}") = "Entities", "Entities\Entities.csproj", "{BAE19261-23E6-4044-A418-C8AA4A47481F}"
EndProject
Project("{9A19103F-16F7-4668-BE54-9A1E7A4F7556}") = "Repository", "Repository\Repository.csproj", "{EF1C6625-BBF9-49A4-BB97-3F33883EE448}"
EndProject
Project("{FAE04EC0-301F-11D3-BF4B-00C04F79EFBC}") = "Service.Contracts", "Service.Contracts\Service.Contracts.csproj", "{852AED23-B6E5-4E52-A5A9-AE7D519BE667}"
EndProject
Project("{FAE04EC0-301F-11D3-BF4B-00C04F79EFBC}") = "Service", "Service\Service.csproj", "{2F2B47DA-F395-43A8-A137-B4302D5A6CFF}"
EndProject
Global
	GlobalSection(SolutionConfigurationPlatforms) = preSolution
		Debug|Any CPU = Debug|Any CPU
		Release|Any CPU = Release|Any CPU
	EndGlobalSection
	GlobalSection(ProjectConfigurationPlatforms) = postSolution
		{FA6E65A4-1AD6-41FA-AB72-80409B09E0AA}.Debug|Any CPU.ActiveCfg = Debug|Any CPU
		{FA6E65A4-1AD6-41FA-AB72-80409B09E0AA}.Debug|Any CPU.Build.0 = Debug|Any CPU
		{FA6E65A4-1AD6-41FA-AB72-80409B09E0AA}.Release|Any CPU.ActiveCfg = Release|Any CPU
		{FA6E65A4-1AD6-41FA-AB72-80409B09E0AA}.Release|Any CPU.Build.0 = Release|Any CPU
		{4B5B5E05-9280-4E30-800D-1BAFC9003336}.Debug|Any CPU.ActiveCfg = Debug|Any CPU
		{4B5B5E05-9280-4E30-800D-1BAFC9003336}.Debug|Any CPU.Build.0 = Debug|Any CPU
		{4B5B5E05-9280-4E30-800D-1BAFC9003336}.Release|Any CPU.ActiveCfg = Release|Any CPU
		{4B5B5E05-9280-4E30-800D-1BAFC9003336}.Release|Any CPU.Build.0 = Release|Any CPU
		{D5092E22-EA43-4C1A-A0F6-114013376150}.Debug|Any CPU.ActiveCfg = Debug|Any CPU
		{D5092E22-EA43-4C1A-A0F6-114013376150}.Debug|Any CPU.Build.0 = Debug|Any CPU
		{D5092E22-EA43-4C1A-A0F6-114013376150}.Release|Any CPU.ActiveCfg = Release|Any CPU
		{D5092E22-EA43-4C1A-A0F6-114013376150}.Release|Any CPU.Build.0 = Release|Any CPU
		{BAE19261-23E6-4044-A418-C8AA4A47481F}.Debug|Any CPU.ActiveCfg = Debug|Any CPU
		{BAE19261-23E6-4044-A418-C8AA4A47481F}.Debug|Any CPU.Build.0 = Debug|Any CPU
		{BAE19261-23E6-4044-A418-C8AA4A47481F}.Release|Any CPU.ActiveCfg = Release|Any CPU
		{BAE19261-23E6-4044-A418-C8AA4A47481F}.Release|Any CPU.Build.0 = Release|Any CPU
		{EF1C6625-BBF9-49A4-BB97-3F33883EE448}.Debug|Any CPU.ActiveCfg = Debug|Any CPU
		{EF1C6625-BBF9-49A4-BB97-3F33883EE448}.Debug|Any CPU.Build.0 = Debug|Any CPU
		{EF1C6625-BBF9-49A4-BB97-3F33883EE448}.Release|Any CPU.ActiveCfg = Release|Any CPU
		{EF1C6625-BBF9-49A4-BB97-3F33883EE448}.Release|Any CPU.Build.0 = Release|Any CPU
		{852AED23-B6E5-4E52-A5A9-AE7D519BE667}.Debug|Any CPU.ActiveCfg = Debug|Any CPU
		{852AED23-B6E5-4E52-A5A9-AE7D519BE667}.Debug|Any CPU.Build.0 = Debug|Any CPU
		{852AED23-B6E5-4E52-A5A9-AE7D519BE667}.Release|Any CPU.ActiveCfg = Release|Any CPU
		{852AED23-B6E5-4E52-A5A9-AE7D519BE667}.Release|Any CPU.Build.0 = Release|Any CPU
		{2F2B47DA-F395-43A8-A137-B4302D5A6CFF}.Debug|Any CPU.ActiveCfg = Debug|Any CPU
		{2F2B47DA-F395-43A8-A137-B4302D5A6CFF}.Debug|Any CPU.Build.0 = Debug|Any CPU
		{2F2B47DA-F395-43A8-A137-B4302D5A6CFF}.Release|Any CPU.ActiveCfg = Release|Any CPU
		{2F2B47DA-F395-43A8-A137-B4302D5A6CFF}.Release|Any CPU.Build.0 = Release|Any CPU
	EndGlobalSection
	GlobalSection(SolutionProperties) = preSolution
		HideSolutionNode = FALSE
	EndGlobalSection
	GlobalSection(ExtensibilityGlobals) = postSolution
		SolutionGuid = {53153633-19DF-45B6-AC1B-2379E6E7B74A}
	EndGlobalSection
EndGlobal
